{
  "name": "highway-sign-portal-hugo",
  "version": "0.0.1",
  "lockfileVersion": 2,
  "requires": true,
  "packages": {
    "": {
      "name": "highway-sign-portal-hugo",
      "version": "0.0.1",
      "license": "ISC",
      "dependencies": {
        "@fortawesome/fontawesome-free": "^6.1.2",
        "latlon-geohash": "^2.0.0"
      },
      "devDependencies": {
        "bulma": "^0.9.4"
      }
    },
    "node_modules/@fortawesome/fontawesome-free": {
      "version": "6.4.0",
      "resolved": "https://registry.npmjs.org/@fortawesome/fontawesome-free/-/fontawesome-free-6.4.0.tgz",
      "integrity": "sha512-0NyytTlPJwB/BF5LtRV8rrABDbe3TdTXqNB3PdZ+UUUZAEIrdOJdmABqKjt4AXwIoJNaRVVZEXxpNrqvE1GAYQ==",
      "hasInstallScript": true,
      "engines": {
        "node": ">=6"
      }
    },
    "node_modules/bulma": {
      "version": "0.9.4",
      "resolved": "https://registry.npmjs.org/bulma/-/bulma-0.9.4.tgz",
      "integrity": "sha512-86FlT5+1GrsgKbPLRRY7cGDg8fsJiP/jzTqXXVqiUZZ2aZT8uemEOHlU1CDU+TxklPEZ11HZNNWclRBBecP4CQ==",
      "dev": true
    },
    "node_modules/latlon-geohash": {
      "version": "2.0.0",
      "resolved": "https://registry.npmjs.org/latlon-geohash/-/latlon-geohash-2.0.0.tgz",
      "integrity": "sha512-OKBswTwrvTdtenV+9C9euBmvgGuqyjJNAzpQCarRz1m8/pYD2nz9fKkXmLs2S3jeXaLi3Ry76twQplKKUlgS/g=="
    }
  },
  "dependencies": {
    "@fortawesome/fontawesome-free": {
      "version": "6.4.0",
      "resolved": "https://registry.npmjs.org/@fortawesome/fontawesome-free/-/fontawesome-free-6.4.0.tgz",
      "integrity": "sha512-0NyytTlPJwB/BF5LtRV8rrABDbe3TdTXqNB3PdZ+UUUZAEIrdOJdmABqKjt4AXwIoJNaRVVZEXxpNrqvE1GAYQ=="
    },
    "bulma": {
      "version": "0.9.4",
      "resolved": "https://registry.npmjs.org/bulma/-/bulma-0.9.4.tgz",
      "integrity": "sha512-86FlT5+1GrsgKbPLRRY7cGDg8fsJiP/jzTqXXVqiUZZ2aZT8uemEOHlU1CDU+TxklPEZ11HZNNWclRBBecP4CQ==",
      "dev": true
    },
    "latlon-geohash": {
      "version": "2.0.0",
      "resolved": "https://registry.npmjs.org/latlon-geohash/-/latlon-geohash-2.0.0.tgz",
      "integrity": "sha512-OKBswTwrvTdtenV+9C9euBmvgGuqyjJNAzpQCarRz1m8/pYD2nz9fKkXmLs2S3jeXaLi3Ry76twQplKKUlgS/g=="
    }
  }
}
